<?xml version="1.0" encoding="utf-8"?>
<Project ToolsVersion="4.0" xmlns="http://schemas.microsoft.com/developer/msbuild/2003">
  <ItemGroup>
    <Filter Include="Common">
      <UniqueIdentifier>edbcaf2e-d801-43b3-9f01-a90af326b853</UniqueIdentifier>
    </Filter>
    <Filter Include="Assets">
      <UniqueIdentifier>1fcfc1ae-5f35-4938-a237-8581ddea74d6</UniqueIdentifier>
      <Extensions>ico;cur;bmp;dds;dlg;fbx;rct;bin;rgs;gif;jpg;jpeg;jpe;resx;tga;tiff;tif;png;wav;mfcribbon-ms</Extensions>
    </Filter>
  </ItemGroup>
  <ItemGroup>
    <ClInclude Include="include\pch.h" />
    <ClInclude Include="src\Application.h" />
    <ClInclude Include="src\StepTimer.h">
      <Filter>Common</Filter>
    </ClInclude>
    <ClInclude Include="src\DeviceResources.h">
      <Filter>Common</Filter>
    </ClInclude>
    <ClInclude Include="src\volume\MCVolumeRenderer.h" />
    <ClInclude Include="src\volume\TransferFunction.h" />
    <ClInclude Include="include\Hawk\Common\Defines.hpp" />
    <ClInclude Include="include\Hawk\Common\INumberArray.hpp" />
    <ClInclude Include="include\Hawk\Common\NonCopyable.hpp" />
    <ClInclude Include="include\Hawk\Common\Singleton.hpp" />
    <ClInclude Include="include\Hawk\Components\Camera.hpp" />
    <ClInclude Include="include\Hawk\Components\Transform.hpp" />
    <ClInclude Include="include\Hawk\Containers\ThreadSafeQueue.hpp" />
    <ClInclude Include="include\Hawk\Geometry\Generator.hpp" />
    <ClInclude Include="include\Hawk\Math\Converters.hpp" />
    <ClInclude Include="include\Hawk\Math\Detail\Matrix.hpp" />
    <ClInclude Include="include\Hawk\Math\Detail\Quaternion.hpp" />
    <ClInclude Include="include\Hawk\Math\Detail\Vector.hpp" />
    <ClInclude Include="include\Hawk\Math\Functions.hpp" />
    <ClInclude Include="include\Hawk\Math\Geometry.hpp" />
    <ClInclude Include="include\Hawk\Math\Spline.hpp" />
    <ClInclude Include="include\Hawk\Math\Transform.hpp" />
    <ClInclude Include="src\volume\MCTransferFunction.h" />
    <ClInclude Include="src\volume\MCShaders.h" />
    <ClInclude Include="src\volume\MCVolumeDataLoader.h" />
  </ItemGroup>
  <ItemGroup>
    <ClCompile Include="include\pch.cpp" />
    <ClCompile Include="src\Application.cpp" />
    <ClCompile Include="src\Main.cpp" />
    <ClCompile Include="src\DeviceResources.cpp">
      <Filter>Common</Filter>
    </ClCompile>
    <ClCompile Include="src\volume\MCVolumeRenderer.cpp" />
    <ClCompile Include="src\volume\TransferFunction.cpp" />
    <ClCompile Include="src\volume\MCTransferFunction.cpp" />
    <ClCompile Include="src\volume\MCShaders.cpp" />
    <ClCompile Include="src\volume\MCVolumeDataLoader.cpp" />
  </ItemGroup>
  <ItemGroup>
    <ResourceCompile Include="resource.rc" />
  </ItemGroup>
  <ItemGroup>
    <Image Include="directx.ico">
      <Filter>Assets</Filter>
    </Image>
  </ItemGroup>
  <ItemGroup>
    <Manifest Include="settings.manifest">
      <Filter>Assets</Filter>
    </Manifest>
  </ItemGroup>
  <ItemGroup>
    <None Include="ClassDiagram.cd" />
    <None Include="data\config\transferFunction.json" />
  </ItemGroup>
</Project>